
Microsoft Visual Studio Solution File, Format Version 12.00
# Visual Studio 15
VisualStudioVersion = 15.0.27703.2035
MinimumVisualStudioVersion = 10.0.40219.1
Project("{FAE04EC0-301F-11D3-BF4B-00C04F79EFBC}") = "FldAssuranceApi", "fldAsuranceApi\FldAssuranceApi.csproj", "{0B8124AE-4C9A-40CB-97AD-8C1E457060E0}"
EndProject
Global
	GlobalSection(SolutionConfigurationPlatforms) = preSolution
		Debug|Any CPU = Debug|Any CPU
		DEV|Any CPU = DEV|Any CPU
		PRD|Any CPU = PRD|Any CPU
		QAS|Any CPU = QAS|Any CPU
		Release|Any CPU = Release|Any CPU
	EndGlobalSection
	GlobalSection(ProjectConfigurationPlatforms) = postSolution
		{0B8124AE-4C9A-40CB-97AD-8C1E457060E0}.Debug|Any CPU.ActiveCfg = Debug|Any CPU
		{0B8124AE-4C9A-40CB-97AD-8C1E457060E0}.Debug|Any CPU.Build.0 = Debug|Any CPU
		{0B8124AE-4C9A-40CB-97AD-8C1E457060E0}.DEV|Any CPU.ActiveCfg = DEV|Any CPU
		{0B8124AE-4C9A-40CB-97AD-8C1E457060E0}.DEV|Any CPU.Build.0 = DEV|Any CPU
		{0B8124AE-4C9A-40CB-97AD-8C1E457060E0}.PRD|Any CPU.ActiveCfg = PRD|Any CPU
		{0B8124AE-4C9A-40CB-97AD-8C1E457060E0}.PRD|Any CPU.Build.0 = PRD|Any CPU
		{0B8124AE-4C9A-40CB-97AD-8C1E457060E0}.QAS|Any CPU.ActiveCfg = QAS|Any CPU
		{0B8124AE-4C9A-40CB-97AD-8C1E457060E0}.QAS|Any CPU.Build.0 = QAS|Any CPU
		{0B8124AE-4C9A-40CB-97AD-8C1E457060E0}.Release|Any CPU.ActiveCfg = Release|Any CPU
		{0B8124AE-4C9A-40CB-97AD-8C1E457060E0}.Release|Any CPU.Build.0 = Release|Any CPU
	EndGlobalSection
	GlobalSection(SolutionProperties) = preSolution
		HideSolutionNode = FALSE
	EndGlobalSection
	GlobalSection(ExtensibilityGlobals) = postSolution
		SolutionGuid = {5B6798FB-0083-4FEA-B965-2603360D9A68}
	EndGlobalSection
EndGlobal
